// !$*UTF8*$!
{
	archiveVersion = 1;
	classes = {
	};
	objectVersion = 54;
	objects = {

/* Begin PBXBuildFile section */
		00E356F31AD99517003FC87E /* quantumTests.m in Sources */ = {isa = PBXBuildFile; fileRef = 00E356F21AD99517003FC87E /* quantumTests.m */; };
		13B07FBC1A68108700A75B9A /* AppDelegate.mm in Sources */ = {isa = PBXBuildFile; fileRef = 13B07FB01A68108700A75B9A /* AppDelegate.mm */; };
		13B07FBF1A68108700A75B9A /* Images.xcassets in Resources */ = {isa = PBXBuildFile; fileRef = 13B07FB51A68108700A75B9A /* Images.xcassets */; };
		13B07FC11A68108700A75B9A /* main.m in Sources */ = {isa = PBXBuildFile; fileRef = 13B07FB71A68108700A75B9A /* main.m */; };
		19C841D752E3C136EB128A64 /* libPods-quantum.a in Frameworks */ = {isa = PBXBuildFile; fileRef = E2B3E62599C74754986ED349 /* libPods-quantum.a */; };
		30824C7FA6D34A227C00226C /* PrivacyInfo.xcprivacy in Resources */ = {isa = PBXBuildFile; fileRef = 6EA6CE147429926A9ABA7539 /* PrivacyInfo.xcprivacy */; };
		34C13FA555755CFCAE087EBD /* ExpoModulesProvider.swift in Sources */ = {isa = PBXBuildFile; fileRef = F73680AE3718D945CAD5A58B /* ExpoModulesProvider.swift */; };
		81AB9BB82411601600AC10FF /* LaunchScreen.storyboard in Resources */ = {isa = PBXBuildFile; fileRef = 81AB9BB72411601600AC10FF /* LaunchScreen.storyboard */; };
		BAE8F4DB3333F52A034F9CF7 /* libPods-quantum-quantumTests.a in Frameworks */ = {isa = PBXBuildFile; fileRef = 0EA0CD2F052B833B30B12EF0 /* libPods-quantum-quantumTests.a */; };
		C22D46782C4ABF340020284A /* Swoir in Frameworks */ = {isa = PBXBuildFile; productRef = C22D46772C4ABF340020284A /* Swoir */; };
		C22D467B2C4AC2370020284A /* Swoir in Frameworks */ = {isa = PBXBuildFile; productRef = C22D467A2C4AC2370020284A /* Swoir */; };
		C22D46842C4EC04A0020284A /* Swoir in Frameworks */ = {isa = PBXBuildFile; productRef = C22D46832C4EC04A0020284A /* Swoir */; };
		C22D46862C4EE1DF0020284A /* srs.local in Resources */ = {isa = PBXBuildFile; fileRef = C22D46852C4EE1DF0020284A /* srs.local */; };
		C22D46892C4EED1B0020284A /* Swoir in Frameworks */ = {isa = PBXBuildFile; productRef = C22D46882C4EED1B0020284A /* Swoir */; };
		C2336E5D2C4A9CB800731D87 /* Swoir in Frameworks */ = {isa = PBXBuildFile; productRef = C2336E5C2C4A9CB800731D87 /* Swoir */; };
		C273AF452B86523F00991B29 /* Swoir in Frameworks */ = {isa = PBXBuildFile; productRef = C273AF442B86523F00991B29 /* Swoir */; };
		C273AF4F2B86595200991B29 /* NoirModule.swift in Sources */ = {isa = PBXBuildFile; fileRef = C273AF4E2B86595200991B29 /* NoirModule.swift */; };
		C273AF502B86595200991B29 /* NoirModule.swift in Sources */ = {isa = PBXBuildFile; fileRef = C273AF4E2B86595200991B29 /* NoirModule.swift */; };
		C273AF522B8659EF00991B29 /* NoirModule.m in Sources */ = {isa = PBXBuildFile; fileRef = C273AF512B8659EF00991B29 /* NoirModule.m */; };
		C273AF532B8659EF00991B29 /* NoirModule.m in Sources */ = {isa = PBXBuildFile; fileRef = C273AF512B8659EF00991B29 /* NoirModule.m */; };
		C29729412C4A8A9700730A3D /* Swoir in Frameworks */ = {isa = PBXBuildFile; productRef = C29729402C4A8A9700730A3D /* Swoir */; };
		C2D3FA932C7F57C7003AEFA7 /* Swoir in Frameworks */ = {isa = PBXBuildFile; productRef = C2D3FA922C7F57C7003AEFA7 /* Swoir */; };
		C2E2EA402C35FA2A00078AAB /* Swoir in Frameworks */ = {isa = PBXBuildFile; productRef = C2E2EA3F2C35FA2A00078AAB /* Swoir */; };
		C2E2EA462C3C17AD00078AAB /* Swoir in Frameworks */ = {isa = PBXBuildFile; productRef = C2E2EA452C3C17AD00078AAB /* Swoir */; };
		C2E2EA4C2C3C34D400078AAB /* Swoir in Frameworks */ = {isa = PBXBuildFile; productRef = C2E2EA4B2C3C34D400078AAB /* Swoir */; };
		C2E2EA522C3FAA5E00078AAB /* Swoir in Frameworks */ = {isa = PBXBuildFile; productRef = C2E2EA512C3FAA5E00078AAB /* Swoir */; };
		C2E2EA6F2C46673800078AAB /* Swoir in Frameworks */ = {isa = PBXBuildFile; productRef = C2E2EA6E2C46673800078AAB /* Swoir */; };
		C2E55DB22C49301500FADAF5 /* Swoir in Frameworks */ = {isa = PBXBuildFile; productRef = C2E55DB12C49301500FADAF5 /* Swoir */; };
		C2E55DB52C49760100FADAF5 /* Swoir in Frameworks */ = {isa = PBXBuildFile; productRef = C2E55DB42C49760100FADAF5 /* Swoir */; };
		C2E55DB82C49885200FADAF5 /* Swoir in Frameworks */ = {isa = PBXBuildFile; productRef = C2E55DB72C49885200FADAF5 /* Swoir */; };
		F4BC39C007779FB8F9AD7B44 /* ExpoModulesProvider.swift in Sources */ = {isa = PBXBuildFile; fileRef = 0D780800CFA25CC7A14A3677 /* ExpoModulesProvider.swift */; };
/* End PBXBuildFile section */

/* Begin PBXContainerItemProxy section */
		00E356F41AD99517003FC87E /* PBXContainerItemProxy */ = {
			isa = PBXContainerItemProxy;
			containerPortal = 83CBB9F71A601CBA00E9B192 /* Project object */;
			proxyType = 1;
			remoteGlobalIDString = 13B07F861A680F5B00A75B9A;
			remoteInfo = quantum;
		};
/* End PBXContainerItemProxy section */

/* Begin PBXFileReference section */
		00E356EE1AD99517003FC87E /* quantumTests.xctest */ = {isa = PBXFileReference; explicitFileType = wrapper.cfbundle; includeInIndex = 0; path = quantumTests.xctest; sourceTree = BUILT_PRODUCTS_DIR; };
		00E356F11AD99517003FC87E /* Info.plist */ = {isa = PBXFileReference; lastKnownFileType = text.plist.xml; path = Info.plist; sourceTree = "<group>"; };
		00E356F21AD99517003FC87E /* quantumTests.m */ = {isa = PBXFileReference; lastKnownFileType = sourcecode.c.objc; path = quantumTests.m; sourceTree = "<group>"; };
		0D780800CFA25CC7A14A3677 /* ExpoModulesProvider.swift */ = {isa = PBXFileReference; includeInIndex = 1; lastKnownFileType = sourcecode.swift; name = ExpoModulesProvider.swift; path = "Pods/Target Support Files/Pods-quantum/ExpoModulesProvider.swift"; sourceTree = "<group>"; };
		0EA0CD2F052B833B30B12EF0 /* libPods-quantum-quantumTests.a */ = {isa = PBXFileReference; explicitFileType = archive.ar; includeInIndex = 0; path = "libPods-quantum-quantumTests.a"; sourceTree = BUILT_PRODUCTS_DIR; };
		13B07F961A680F5B00A75B9A /* quantum.app */ = {isa = PBXFileReference; explicitFileType = wrapper.application; includeInIndex = 0; path = quantum.app; sourceTree = BUILT_PRODUCTS_DIR; };
		13B07FAF1A68108700A75B9A /* AppDelegate.h */ = {isa = PBXFileReference; fileEncoding = 4; lastKnownFileType = sourcecode.c.h; name = AppDelegate.h; path = quantum/AppDelegate.h; sourceTree = "<group>"; };
		13B07FB01A68108700A75B9A /* AppDelegate.mm */ = {isa = PBXFileReference; fileEncoding = 4; lastKnownFileType = sourcecode.cpp.objcpp; name = AppDelegate.mm; path = quantum/AppDelegate.mm; sourceTree = "<group>"; };
		13B07FB51A68108700A75B9A /* Images.xcassets */ = {isa = PBXFileReference; lastKnownFileType = folder.assetcatalog; name = Images.xcassets; path = quantum/Images.xcassets; sourceTree = "<group>"; };
		13B07FB61A68108700A75B9A /* Info.plist */ = {isa = PBXFileReference; fileEncoding = 4; lastKnownFileType = text.plist.xml; name = Info.plist; path = quantum/Info.plist; sourceTree = "<group>"; };
		13B07FB71A68108700A75B9A /* main.m */ = {isa = PBXFileReference; fileEncoding = 4; lastKnownFileType = sourcecode.c.objc; name = main.m; path = quantum/main.m; sourceTree = "<group>"; };
		161F90A02A826BF1B923C3CB /* Pods-quantum-quantumTests.release.xcconfig */ = {isa = PBXFileReference; includeInIndex = 1; lastKnownFileType = text.xcconfig; name = "Pods-quantum-quantumTests.release.xcconfig"; path = "Target Support Files/Pods-quantum-quantumTests/Pods-quantum-quantumTests.release.xcconfig"; sourceTree = "<group>"; };
		4A5A0B5D94A11E8A8685331D /* Pods-quantum.release.xcconfig */ = {isa = PBXFileReference; includeInIndex = 1; lastKnownFileType = text.xcconfig; name = "Pods-quantum.release.xcconfig"; path = "Target Support Files/Pods-quantum/Pods-quantum.release.xcconfig"; sourceTree = "<group>"; };
		6EA6CE147429926A9ABA7539 /* PrivacyInfo.xcprivacy */ = {isa = PBXFileReference; includeInIndex = 1; lastKnownFileType = text.xml; name = PrivacyInfo.xcprivacy; path = quantum/PrivacyInfo.xcprivacy; sourceTree = "<group>"; };
		81AB9BB72411601600AC10FF /* LaunchScreen.storyboard */ = {isa = PBXFileReference; fileEncoding = 4; lastKnownFileType = file.storyboard; name = LaunchScreen.storyboard; path = quantum/LaunchScreen.storyboard; sourceTree = "<group>"; };
		B8BB031DAAD3965E3EA3F929 /* Pods-quantum-quantumTests.debug.xcconfig */ = {isa = PBXFileReference; includeInIndex = 1; lastKnownFileType = text.xcconfig; name = "Pods-quantum-quantumTests.debug.xcconfig"; path = "Target Support Files/Pods-quantum-quantumTests/Pods-quantum-quantumTests.debug.xcconfig"; sourceTree = "<group>"; };
		C22D46852C4EE1DF0020284A /* srs.local */ = {isa = PBXFileReference; lastKnownFileType = file; path = srs.local; sourceTree = "<group>"; };
		C22D468D2C4FB5E30020284A /* quantum.entitlements */ = {isa = PBXFileReference; lastKnownFileType = text.plist.entitlements; name = quantum.entitlements; path = quantum/quantum.entitlements; sourceTree = "<group>"; };
		C273AF4E2B86595200991B29 /* NoirModule.swift */ = {isa = PBXFileReference; lastKnownFileType = sourcecode.swift; path = NoirModule.swift; sourceTree = "<group>"; };
		C273AF512B8659EF00991B29 /* NoirModule.m */ = {isa = PBXFileReference; lastKnownFileType = sourcecode.c.objc; path = NoirModule.m; sourceTree = "<group>"; };
		C273AF572B865E9400991B29 /* quantum-Bridging-Header.h */ = {isa = PBXFileReference; lastKnownFileType = sourcecode.c.h; path = "quantum-Bridging-Header.h"; sourceTree = "<group>"; };
		D3F7F1A373E4519750629796 /* Pods-quantum.debug.xcconfig */ = {isa = PBXFileReference; includeInIndex = 1; lastKnownFileType = text.xcconfig; name = "Pods-quantum.debug.xcconfig"; path = "Target Support Files/Pods-quantum/Pods-quantum.debug.xcconfig"; sourceTree = "<group>"; };
		E2B3E62599C74754986ED349 /* libPods-quantum.a */ = {isa = PBXFileReference; explicitFileType = archive.ar; includeInIndex = 0; path = "libPods-quantum.a"; sourceTree = BUILT_PRODUCTS_DIR; };
		ED297162215061F000B7C4FE /* JavaScriptCore.framework */ = {isa = PBXFileReference; lastKnownFileType = wrapper.framework; name = JavaScriptCore.framework; path = System/Library/Frameworks/JavaScriptCore.framework; sourceTree = SDKROOT; };
		F73680AE3718D945CAD5A58B /* ExpoModulesProvider.swift */ = {isa = PBXFileReference; includeInIndex = 1; lastKnownFileType = sourcecode.swift; name = ExpoModulesProvider.swift; path = "Pods/Target Support Files/Pods-quantum-quantumTests/ExpoModulesProvider.swift"; sourceTree = "<group>"; };
/* End PBXFileReference section */

/* Begin PBXFrameworksBuildPhase section */
		00E356EB1AD99517003FC87E /* Frameworks */ = {
			isa = PBXFrameworksBuildPhase;
			buildActionMask = 2147483647;
			files = (
				BAE8F4DB3333F52A034F9CF7 /* libPods-quantum-quantumTests.a in Frameworks */,
			);
			runOnlyForDeploymentPostprocessing = 0;
		};
		13B07F8C1A680F5B00A75B9A /* Frameworks */ = {
			isa = PBXFrameworksBuildPhase;
			buildActionMask = 2147483647;
			files = (
				C29729412C4A8A9700730A3D /* Swoir in Frameworks */,
				C2E55DB52C49760100FADAF5 /* Swoir in Frameworks */,
				C22D46782C4ABF340020284A /* Swoir in Frameworks */,
				C22D467B2C4AC2370020284A /* Swoir in Frameworks */,
				C2E2EA402C35FA2A00078AAB /* Swoir in Frameworks */,
				C2E55DB22C49301500FADAF5 /* Swoir in Frameworks */,
				C2E2EA462C3C17AD00078AAB /* Swoir in Frameworks */,
				C2E2EA6F2C46673800078AAB /* Swoir in Frameworks */,
				C22D46892C4EED1B0020284A /* Swoir in Frameworks */,
				C22D46842C4EC04A0020284A /* Swoir in Frameworks */,
				C2E2EA522C3FAA5E00078AAB /* Swoir in Frameworks */,
				C273AF452B86523F00991B29 /* Swoir in Frameworks */,
				C2336E5D2C4A9CB800731D87 /* Swoir in Frameworks */,
				C2E2EA4C2C3C34D400078AAB /* Swoir in Frameworks */,
				C2D3FA932C7F57C7003AEFA7 /* Swoir in Frameworks */,
				C2E55DB82C49885200FADAF5 /* Swoir in Frameworks */,
				19C841D752E3C136EB128A64 /* libPods-quantum.a in Frameworks */,
			);
			runOnlyForDeploymentPostprocessing = 0;
		};
/* End PBXFrameworksBuildPhase section */

/* Begin PBXGroup section */
		00E356EF1AD99517003FC87E /* quantumTests */ = {
			isa = PBXGroup;
			children = (
				00E356F21AD99517003FC87E /* quantumTests.m */,
				00E356F01AD99517003FC87E /* Supporting Files */,
			);
			path = quantumTests;
			sourceTree = "<group>";
		};
		00E356F01AD99517003FC87E /* Supporting Files */ = {
			isa = PBXGroup;
			children = (
				00E356F11AD99517003FC87E /* Info.plist */,
			);
			name = "Supporting Files";
			sourceTree = "<group>";
		};
		13B07FAE1A68108700A75B9A /* quantum */ = {
			isa = PBXGroup;
			children = (
				C22D468D2C4FB5E30020284A /* quantum.entitlements */,
				C22D46852C4EE1DF0020284A /* srs.local */,
				13B07FAF1A68108700A75B9A /* AppDelegate.h */,
				13B07FB01A68108700A75B9A /* AppDelegate.mm */,
				13B07FB51A68108700A75B9A /* Images.xcassets */,
				13B07FB61A68108700A75B9A /* Info.plist */,
				81AB9BB72411601600AC10FF /* LaunchScreen.storyboard */,
				13B07FB71A68108700A75B9A /* main.m */,
				C273AF4E2B86595200991B29 /* NoirModule.swift */,
				C273AF572B865E9400991B29 /* quantum-Bridging-Header.h */,
				C273AF512B8659EF00991B29 /* NoirModule.m */,
				6EA6CE147429926A9ABA7539 /* PrivacyInfo.xcprivacy */,
			);
			name = quantum;
			sourceTree = "<group>";
		};
		2D16E6871FA4F8E400B85C8A /* Frameworks */ = {
			isa = PBXGroup;
			children = (
				ED297162215061F000B7C4FE /* JavaScriptCore.framework */,
				E2B3E62599C74754986ED349 /* libPods-quantum.a */,
				0EA0CD2F052B833B30B12EF0 /* libPods-quantum-quantumTests.a */,
			);
			name = Frameworks;
			sourceTree = "<group>";
		};
		5339430086A9E8C003401DBD /* ExpoModulesProviders */ = {
			isa = PBXGroup;
			children = (
				F83234EDF84C6333DF4E9AB2 /* quantum */,
				D3119214A1F9925D18E044BE /* quantumTests */,
			);
			name = ExpoModulesProviders;
			sourceTree = "<group>";
		};
		832341AE1AAA6A7D00B99B32 /* Libraries */ = {
			isa = PBXGroup;
			children = (
			);
			name = Libraries;
			sourceTree = "<group>";
		};
		83CBB9F61A601CBA00E9B192 = {
			isa = PBXGroup;
			children = (
				13B07FAE1A68108700A75B9A /* quantum */,
				832341AE1AAA6A7D00B99B32 /* Libraries */,
				00E356EF1AD99517003FC87E /* quantumTests */,
				83CBBA001A601CBA00E9B192 /* Products */,
				2D16E6871FA4F8E400B85C8A /* Frameworks */,
				BBD78D7AC51CEA395F1C20DB /* Pods */,
				5339430086A9E8C003401DBD /* ExpoModulesProviders */,
			);
			indentWidth = 2;
			sourceTree = "<group>";
			tabWidth = 2;
			usesTabs = 0;
		};
		83CBBA001A601CBA00E9B192 /* Products */ = {
			isa = PBXGroup;
			children = (
				13B07F961A680F5B00A75B9A /* quantum.app */,
				00E356EE1AD99517003FC87E /* quantumTests.xctest */,
			);
			name = Products;
			sourceTree = "<group>";
		};
		BBD78D7AC51CEA395F1C20DB /* Pods */ = {
			isa = PBXGroup;
			children = (
				D3F7F1A373E4519750629796 /* Pods-quantum.debug.xcconfig */,
				4A5A0B5D94A11E8A8685331D /* Pods-quantum.release.xcconfig */,
				B8BB031DAAD3965E3EA3F929 /* Pods-quantum-quantumTests.debug.xcconfig */,
				161F90A02A826BF1B923C3CB /* Pods-quantum-quantumTests.release.xcconfig */,
			);
			path = Pods;
			sourceTree = "<group>";
		};
		D3119214A1F9925D18E044BE /* quantumTests */ = {
			isa = PBXGroup;
			children = (
				F73680AE3718D945CAD5A58B /* ExpoModulesProvider.swift */,
			);
			name = quantumTests;
			sourceTree = "<group>";
		};
		F83234EDF84C6333DF4E9AB2 /* quantum */ = {
			isa = PBXGroup;
			children = (
				0D780800CFA25CC7A14A3677 /* ExpoModulesProvider.swift */,
			);
			name = quantum;
			sourceTree = "<group>";
		};
/* End PBXGroup section */

/* Begin PBXNativeTarget section */
		00E356ED1AD99517003FC87E /* quantumTests */ = {
			isa = PBXNativeTarget;
			buildConfigurationList = 00E357021AD99517003FC87E /* Build configuration list for PBXNativeTarget "quantumTests" */;
			buildPhases = (
				08F25DBB123FDB04FFD29D7B /* [CP] Check Pods Manifest.lock */,
				63FA565ADA1E666390E7EC7D /* [Expo] Configure project */,
				00E356EA1AD99517003FC87E /* Sources */,
				00E356EB1AD99517003FC87E /* Frameworks */,
				00E356EC1AD99517003FC87E /* Resources */,
				80D479F3B9407E49755BD5A0 /* [CP] Embed Pods Frameworks */,
				17C802C419039BF47CFFE7BA /* [CP] Copy Pods Resources */,
			);
			buildRules = (
			);
			dependencies = (
				00E356F51AD99517003FC87E /* PBXTargetDependency */,
			);
			name = quantumTests;
			productName = quantumTests;
			productReference = 00E356EE1AD99517003FC87E /* quantumTests.xctest */;
			productType = "com.apple.product-type.bundle.unit-test";
		};
		13B07F861A680F5B00A75B9A /* quantum */ = {
			isa = PBXNativeTarget;
			buildConfigurationList = 13B07F931A680F5B00A75B9A /* Build configuration list for PBXNativeTarget "quantum" */;
			buildPhases = (
				5D2EE4322647D6AEC6128C9A /* [CP] Check Pods Manifest.lock */,
				5C59D800143BB01D7763DA0B /* [Expo] Configure project */,
				13B07F871A680F5B00A75B9A /* Sources */,
				13B07F8C1A680F5B00A75B9A /* Frameworks */,
				13B07F8E1A680F5B00A75B9A /* Resources */,
				00DD1BFF1BD5951E006B06BC /* Bundle React Native code and images */,
				3BC91A287674931A5ADB6020 /* [CP] Embed Pods Frameworks */,
				C27FDE0D35FF5D67839A17BE /* [CP] Copy Pods Resources */,
			);
			buildRules = (
			);
			dependencies = (
			);
			name = quantum;
			packageProductDependencies = (
				C273AF442B86523F00991B29 /* Swoir */,
				C2E2EA3F2C35FA2A00078AAB /* Swoir */,
				C2E2EA452C3C17AD00078AAB /* Swoir */,
				C2E2EA4B2C3C34D400078AAB /* Swoir */,
				C2E2EA512C3FAA5E00078AAB /* Swoir */,
				C2E2EA6E2C46673800078AAB /* Swoir */,
				C2E55DB12C49301500FADAF5 /* Swoir */,
				C2E55DB42C49760100FADAF5 /* Swoir */,
				C2E55DB72C49885200FADAF5 /* Swoir */,
				C29729402C4A8A9700730A3D /* Swoir */,
				C2336E5C2C4A9CB800731D87 /* Swoir */,
				C22D46772C4ABF340020284A /* Swoir */,
				C22D467A2C4AC2370020284A /* Swoir */,
				C22D46832C4EC04A0020284A /* Swoir */,
				C22D46882C4EED1B0020284A /* Swoir */,
				C2D3FA922C7F57C7003AEFA7 /* Swoir */,
			);
			productName = quantum;
			productReference = 13B07F961A680F5B00A75B9A /* quantum.app */;
			productType = "com.apple.product-type.application";
		};
/* End PBXNativeTarget section */

/* Begin PBXProject section */
		83CBB9F71A601CBA00E9B192 /* Project object */ = {
			isa = PBXProject;
			attributes = {
				LastUpgradeCheck = 1210;
				TargetAttributes = {
					00E356ED1AD99517003FC87E = {
						CreatedOnToolsVersion = 6.2;
						LastSwiftMigration = 1520;
						TestTargetID = 13B07F861A680F5B00A75B9A;
					};
					13B07F861A680F5B00A75B9A = {
						LastSwiftMigration = 1520;
					};
				};
			};
			buildConfigurationList = 83CBB9FA1A601CBA00E9B192 /* Build configuration list for PBXProject "Quantum" */;
			compatibilityVersion = "Xcode 12.0";
			developmentRegion = en;
			hasScannedForEncodings = 0;
			knownRegions = (
				en,
				Base,
			);
			mainGroup = 83CBB9F61A601CBA00E9B192;
			packageReferences = (
				C2D3FA912C7F57C7003AEFA7 /* XCRemoteSwiftPackageReference "Swoir" */,
			);
			productRefGroup = 83CBBA001A601CBA00E9B192 /* Products */;
			projectDirPath = "";
			projectRoot = "";
			targets = (
				13B07F861A680F5B00A75B9A /* quantum */,
				00E356ED1AD99517003FC87E /* quantumTests */,
			);
		};
/* End PBXProject section */

/* Begin PBXResourcesBuildPhase section */
		00E356EC1AD99517003FC87E /* Resources */ = {
			isa = PBXResourcesBuildPhase;
			buildActionMask = 2147483647;
			files = (
			);
			runOnlyForDeploymentPostprocessing = 0;
		};
		13B07F8E1A680F5B00A75B9A /* Resources */ = {
			isa = PBXResourcesBuildPhase;
			buildActionMask = 2147483647;
			files = (
				81AB9BB82411601600AC10FF /* LaunchScreen.storyboard in Resources */,
				13B07FBF1A68108700A75B9A /* Images.xcassets in Resources */,
				C22D46862C4EE1DF0020284A /* srs.local in Resources */,
				30824C7FA6D34A227C00226C /* PrivacyInfo.xcprivacy in Resources */,
			);
			runOnlyForDeploymentPostprocessing = 0;
		};
/* End PBXResourcesBuildPhase section */

/* Begin PBXShellScriptBuildPhase section */
		00DD1BFF1BD5951E006B06BC /* Bundle React Native code and images */ = {
			isa = PBXShellScriptBuildPhase;
			buildActionMask = 2147483647;
			files = (
			);
			inputPaths = (
				"$(SRCROOT)/.xcode.env.local",
				"$(SRCROOT)/.xcode.env",
			);
			name = "Bundle React Native code and images";
			outputPaths = (
			);
			runOnlyForDeploymentPostprocessing = 0;
			shellPath = /bin/sh;
			shellScript = "if [[ -f \"$PODS_ROOT/../.xcode.env\" ]]; then\n  source \"$PODS_ROOT/../.xcode.env\"\nfi\nif [[ -f \"$PODS_ROOT/../.xcode.env.local\" ]]; then\n  source \"$PODS_ROOT/../.xcode.env.local\"\nfi\n\n# The project root by default is one level up from the ios directory\nexport PROJECT_ROOT=\"$PROJECT_DIR\"/..\n\nif [[ \"$CONFIGURATION\" = *Debug* ]]; then\n  export SKIP_BUNDLING=1\nfi\nif [[ -z \"$ENTRY_FILE\" ]]; then\n  # Set the entry JS file using the bundler's entry resolution.\n  export ENTRY_FILE=\"$(\"$NODE_BINARY\" -e \"require('expo/scripts/resolveAppEntry')\" \"$PROJECT_ROOT\" ios absolute | tail -n 1)\"\nfi\n\nif [[ -z \"$CLI_PATH\" ]]; then\n  # Use Expo CLI\n  export CLI_PATH=\"$(\"$NODE_BINARY\" --print \"require.resolve('@expo/cli')\")\"\nfi\nif [[ -z \"$BUNDLE_COMMAND\" ]]; then\n  # Default Expo CLI command for bundling\n  export BUNDLE_COMMAND=\"export:embed\"\nfi\n\n`\"$NODE_BINARY\" --print \"require('path').dirname(require.resolve('react-native/package.json')) + '/scripts/react-native-xcode.sh'\"`\n";
		};
		08F25DBB123FDB04FFD29D7B /* [CP] Check Pods Manifest.lock */ = {
			isa = PBXShellScriptBuildPhase;
			buildActionMask = 2147483647;
			files = (
			);
			inputFileListPaths = (
			);
			inputPaths = (
				"${PODS_PODFILE_DIR_PATH}/Podfile.lock",
				"${PODS_ROOT}/Manifest.lock",
			);
			name = "[CP] Check Pods Manifest.lock";
			outputFileListPaths = (
			);
			outputPaths = (
				"$(DERIVED_FILE_DIR)/Pods-quantum-quantumTests-checkManifestLockResult.txt",
			);
			runOnlyForDeploymentPostprocessing = 0;
			shellPath = /bin/sh;
			shellScript = "diff \"${PODS_PODFILE_DIR_PATH}/Podfile.lock\" \"${PODS_ROOT}/Manifest.lock\" > /dev/null\nif [ $? != 0 ] ; then\n    # print error to STDERR\n    echo \"error: The sandbox is not in sync with the Podfile.lock. Run 'pod install' or update your CocoaPods installation.\" >&2\n    exit 1\nfi\n# This output is used by Xcode 'outputs' to avoid re-running this script phase.\necho \"SUCCESS\" > \"${SCRIPT_OUTPUT_FILE_0}\"\n";
			showEnvVarsInLog = 0;
		};
		17C802C419039BF47CFFE7BA /* [CP] Copy Pods Resources */ = {
			isa = PBXShellScriptBuildPhase;
			buildActionMask = 2147483647;
			files = (
			);
			inputFileListPaths = (
				"${PODS_ROOT}/Target Support Files/Pods-quantum-quantumTests/Pods-quantum-quantumTests-resources-${CONFIGURATION}-input-files.xcfilelist",
			);
			name = "[CP] Copy Pods Resources";
			outputFileListPaths = (
				"${PODS_ROOT}/Target Support Files/Pods-quantum-quantumTests/Pods-quantum-quantumTests-resources-${CONFIGURATION}-output-files.xcfilelist",
			);
			runOnlyForDeploymentPostprocessing = 0;
			shellPath = /bin/sh;
			shellScript = "\"${PODS_ROOT}/Target Support Files/Pods-quantum-quantumTests/Pods-quantum-quantumTests-resources.sh\"\n";
			showEnvVarsInLog = 0;
		};
		3BC91A287674931A5ADB6020 /* [CP] Embed Pods Frameworks */ = {
			isa = PBXShellScriptBuildPhase;
			buildActionMask = 2147483647;
			files = (
			);
			inputFileListPaths = (
				"${PODS_ROOT}/Target Support Files/Pods-quantum/Pods-quantum-frameworks-${CONFIGURATION}-input-files.xcfilelist",
			);
			name = "[CP] Embed Pods Frameworks";
			outputFileListPaths = (
				"${PODS_ROOT}/Target Support Files/Pods-quantum/Pods-quantum-frameworks-${CONFIGURATION}-output-files.xcfilelist",
			);
			runOnlyForDeploymentPostprocessing = 0;
			shellPath = /bin/sh;
			shellScript = "\"${PODS_ROOT}/Target Support Files/Pods-quantum/Pods-quantum-frameworks.sh\"\n";
			showEnvVarsInLog = 0;
		};
		5C59D800143BB01D7763DA0B /* [Expo] Configure project */ = {
			isa = PBXShellScriptBuildPhase;
			alwaysOutOfDate = 1;
			buildActionMask = 2147483647;
			files = (
			);
			inputFileListPaths = (
			);
			inputPaths = (
			);
			name = "[Expo] Configure project";
			outputFileListPaths = (
			);
			outputPaths = (
			);
			runOnlyForDeploymentPostprocessing = 0;
			shellPath = /bin/sh;
			shellScript = "# This script configures Expo modules and generates the modules provider file.\nbash -l -c \"./Pods/Target\\ Support\\ Files/Pods-quantum/expo-configure-project.sh\"\n";
		};
		5D2EE4322647D6AEC6128C9A /* [CP] Check Pods Manifest.lock */ = {
			isa = PBXShellScriptBuildPhase;
			buildActionMask = 2147483647;
			files = (
			);
			inputFileListPaths = (
			);
			inputPaths = (
				"${PODS_PODFILE_DIR_PATH}/Podfile.lock",
				"${PODS_ROOT}/Manifest.lock",
			);
			name = "[CP] Check Pods Manifest.lock";
			outputFileListPaths = (
			);
			outputPaths = (
				"$(DERIVED_FILE_DIR)/Pods-quantum-checkManifestLockResult.txt",
			);
			runOnlyForDeploymentPostprocessing = 0;
			shellPath = /bin/sh;
			shellScript = "diff \"${PODS_PODFILE_DIR_PATH}/Podfile.lock\" \"${PODS_ROOT}/Manifest.lock\" > /dev/null\nif [ $? != 0 ] ; then\n    # print error to STDERR\n    echo \"error: The sandbox is not in sync with the Podfile.lock. Run 'pod install' or update your CocoaPods installation.\" >&2\n    exit 1\nfi\n# This output is used by Xcode 'outputs' to avoid re-running this script phase.\necho \"SUCCESS\" > \"${SCRIPT_OUTPUT_FILE_0}\"\n";
			showEnvVarsInLog = 0;
		};
		63FA565ADA1E666390E7EC7D /* [Expo] Configure project */ = {
			isa = PBXShellScriptBuildPhase;
			alwaysOutOfDate = 1;
			buildActionMask = 2147483647;
			files = (
			);
			inputFileListPaths = (
			);
			inputPaths = (
			);
			name = "[Expo] Configure project";
			outputFileListPaths = (
			);
			outputPaths = (
			);
			runOnlyForDeploymentPostprocessing = 0;
			shellPath = /bin/sh;
			shellScript = "# This script configures Expo modules and generates the modules provider file.\nbash -l -c \"./Pods/Target\\ Support\\ Files/Pods-quantum-quantumTests/expo-configure-project.sh\"\n";
		};
		80D479F3B9407E49755BD5A0 /* [CP] Embed Pods Frameworks */ = {
			isa = PBXShellScriptBuildPhase;
			buildActionMask = 2147483647;
			files = (
			);
			inputFileListPaths = (
				"${PODS_ROOT}/Target Support Files/Pods-quantum-quantumTests/Pods-quantum-quantumTests-frameworks-${CONFIGURATION}-input-files.xcfilelist",
			);
			name = "[CP] Embed Pods Frameworks";
			outputFileListPaths = (
				"${PODS_ROOT}/Target Support Files/Pods-quantum-quantumTests/Pods-quantum-quantumTests-frameworks-${CONFIGURATION}-output-files.xcfilelist",
			);
			runOnlyForDeploymentPostprocessing = 0;
			shellPath = /bin/sh;
			shellScript = "\"${PODS_ROOT}/Target Support Files/Pods-quantum-quantumTests/Pods-quantum-quantumTests-frameworks.sh\"\n";
			showEnvVarsInLog = 0;
		};
		C27FDE0D35FF5D67839A17BE /* [CP] Copy Pods Resources */ = {
			isa = PBXShellScriptBuildPhase;
			buildActionMask = 2147483647;
			files = (
			);
			inputFileListPaths = (
				"${PODS_ROOT}/Target Support Files/Pods-quantum/Pods-quantum-resources-${CONFIGURATION}-input-files.xcfilelist",
			);
			name = "[CP] Copy Pods Resources";
			outputFileListPaths = (
				"${PODS_ROOT}/Target Support Files/Pods-quantum/Pods-quantum-resources-${CONFIGURATION}-output-files.xcfilelist",
			);
			runOnlyForDeploymentPostprocessing = 0;
			shellPath = /bin/sh;
			shellScript = "\"${PODS_ROOT}/Target Support Files/Pods-quantum/Pods-quantum-resources.sh\"\n";
			showEnvVarsInLog = 0;
		};
/* End PBXShellScriptBuildPhase section */

/* Begin PBXSourcesBuildPhase section */
		00E356EA1AD99517003FC87E /* Sources */ = {
			isa = PBXSourcesBuildPhase;
			buildActionMask = 2147483647;
			files = (
				00E356F31AD99517003FC87E /* quantumTests.m in Sources */,
				C273AF502B86595200991B29 /* NoirModule.swift in Sources */,
				C273AF532B8659EF00991B29 /* NoirModule.m in Sources */,
				34C13FA555755CFCAE087EBD /* ExpoModulesProvider.swift in Sources */,
			);
			runOnlyForDeploymentPostprocessing = 0;
		};
		13B07F871A680F5B00A75B9A /* Sources */ = {
			isa = PBXSourcesBuildPhase;
			buildActionMask = 2147483647;
			files = (
				13B07FBC1A68108700A75B9A /* AppDelegate.mm in Sources */,
				C273AF522B8659EF00991B29 /* NoirModule.m in Sources */,
				13B07FC11A68108700A75B9A /* main.m in Sources */,
				C273AF4F2B86595200991B29 /* NoirModule.swift in Sources */,
				F4BC39C007779FB8F9AD7B44 /* ExpoModulesProvider.swift in Sources */,
			);
			runOnlyForDeploymentPostprocessing = 0;
		};
/* End PBXSourcesBuildPhase section */

/* Begin PBXTargetDependency section */
		00E356F51AD99517003FC87E /* PBXTargetDependency */ = {
			isa = PBXTargetDependency;
			target = 13B07F861A680F5B00A75B9A /* quantum */;
			targetProxy = 00E356F41AD99517003FC87E /* PBXContainerItemProxy */;
		};
/* End PBXTargetDependency section */

/* Begin XCBuildConfiguration section */
		00E356F61AD99517003FC87E /* Debug */ = {
			isa = XCBuildConfiguration;
			baseConfigurationReference = B8BB031DAAD3965E3EA3F929 /* Pods-quantum-quantumTests.debug.xcconfig */;
			buildSettings = {
				ALWAYS_EMBED_SWIFT_STANDARD_LIBRARIES = YES;
				BUNDLE_LOADER = "$(TEST_HOST)";
				CLANG_ENABLE_MODULES = YES;
				GCC_PREPROCESSOR_DEFINITIONS = (
					"DEBUG=1",
					"$(inherited)",
				);
				INFOPLIST_FILE = quantumTests/Info.plist;
				IPHONEOS_DEPLOYMENT_TARGET = 13.4;
				LD_RUNPATH_SEARCH_PATHS = (
					"$(inherited)",
					"@executable_path/Frameworks",
					"@loader_path/Frameworks",
				);
				OTHER_LDFLAGS = (
					"-ObjC",
					"-lc++",
					"$(inherited)",
				);
				OTHER_SWIFT_FLAGS = "$(inherited) -D EXPO_CONFIGURATION_DEBUG";
				PRODUCT_BUNDLE_IDENTIFIER = "org.reactjs.native.example.$(PRODUCT_NAME:rfc1034identifier)";
				PRODUCT_NAME = "$(TARGET_NAME)";
				SWIFT_OBJC_BRIDGING_HEADER = "quantumTests-Bridging-Header.h";
				SWIFT_OPTIMIZATION_LEVEL = "-Onone";
				SWIFT_VERSION = 5.0;
				TEST_HOST = "$(BUILT_PRODUCTS_DIR)/quantum.app/quantum";
			};
			name = Debug;
		};
		00E356F71AD99517003FC87E /* Release */ = {
			isa = XCBuildConfiguration;
			baseConfigurationReference = 161F90A02A826BF1B923C3CB /* Pods-quantum-quantumTests.release.xcconfig */;
			buildSettings = {
				ALWAYS_EMBED_SWIFT_STANDARD_LIBRARIES = YES;
				BUNDLE_LOADER = "$(TEST_HOST)";
				CLANG_ENABLE_MODULES = YES;
				COPY_PHASE_STRIP = NO;
				INFOPLIST_FILE = quantumTests/Info.plist;
				IPHONEOS_DEPLOYMENT_TARGET = 13.4;
				LD_RUNPATH_SEARCH_PATHS = (
					"$(inherited)",
					"@executable_path/Frameworks",
					"@loader_path/Frameworks",
				);
				OTHER_LDFLAGS = (
					"-ObjC",
					"-lc++",
					"$(inherited)",
				);
				OTHER_SWIFT_FLAGS = "$(inherited) -D EXPO_CONFIGURATION_RELEASE";
				PRODUCT_BUNDLE_IDENTIFIER = "org.reactjs.native.example.$(PRODUCT_NAME:rfc1034identifier)";
				PRODUCT_NAME = "$(TARGET_NAME)";
				SWIFT_OBJC_BRIDGING_HEADER = "quantumTests-Bridging-Header.h";
				SWIFT_VERSION = 5.0;
				TEST_HOST = "$(BUILT_PRODUCTS_DIR)/quantum.app/quantum";
			};
			name = Release;
		};
		13B07F941A680F5B00A75B9A /* Debug */ = {
			isa = XCBuildConfiguration;
			baseConfigurationReference = D3F7F1A373E4519750629796 /* Pods-quantum.debug.xcconfig */;
			buildSettings = {
				ASSETCATALOG_COMPILER_APPICON_NAME = AppIcon;
				CLANG_ENABLE_MODULES = YES;
				CODE_SIGN_ENTITLEMENTS = quantum/quantum.entitlements;
				CODE_SIGN_IDENTITY = "Apple Development";
				CODE_SIGN_STYLE = Automatic;
				CURRENT_PROJECT_VERSION = 1;
				DEVELOPMENT_TEAM = H2V2B3BCGM;
				ENABLE_BITCODE = NO;
				INFOPLIST_FILE = quantum/Info.plist;
				INFOPLIST_KEY_CFBundleDisplayName = quantum;
				INFOPLIST_KEY_LSApplicationCategoryType = "public.app-category.utilities";
				IPHONEOS_DEPLOYMENT_TARGET = 14.0;
				LD_RUNPATH_SEARCH_PATHS = (
					"$(inherited)",
					"@executable_path/Frameworks",
				);
				MARKETING_VERSION = 1.0;
				OTHER_LDFLAGS = (
					"$(inherited)",
					"-ObjC",
					"-lc++",
				);
				OTHER_SWIFT_FLAGS = "$(inherited) -D EXPO_CONFIGURATION_DEBUG";
				PRODUCT_BUNDLE_IDENTIFIER = com.quantumchat.app;
				PRODUCT_NAME = quantum;
				PROVISIONING_PROFILE_SPECIFIER = "";
				SUPPORTED_PLATFORMS = "iphoneos iphonesimulator";
				SUPPORTS_MACCATALYST = NO;
				SUPPORTS_MAC_DESIGNED_FOR_IPHONE_IPAD = NO;
				SUPPORTS_XR_DESIGNED_FOR_IPHONE_IPAD = NO;
				SWIFT_OBJC_BRIDGING_HEADER = "quantum-Bridging-Header.h";
				SWIFT_OPTIMIZATION_LEVEL = "-Onone";
				SWIFT_VERSION = 5.0;
				TARGETED_DEVICE_FAMILY = 1;
				VERSIONING_SYSTEM = "apple-generic";
			};
			name = Debug;
		};
		13B07F951A680F5B00A75B9A /* Release */ = {
			isa = XCBuildConfiguration;
			baseConfigurationReference = 4A5A0B5D94A11E8A8685331D /* Pods-quantum.release.xcconfig */;
			buildSettings = {
				ASSETCATALOG_COMPILER_APPICON_NAME = AppIcon;
				CLANG_ENABLE_MODULES = YES;
				CODE_SIGN_ENTITLEMENTS = quantum/quantum.entitlements;
				CODE_SIGN_IDENTITY = "Apple Development";
				CODE_SIGN_STYLE = Automatic;
				CURRENT_PROJECT_VERSION = 1;
				DEVELOPMENT_TEAM = H2V2B3BCGM;
				INFOPLIST_FILE = quantum/Info.plist;
				INFOPLIST_KEY_CFBundleDisplayName = quantum;
				INFOPLIST_KEY_LSApplicationCategoryType = "public.app-category.utilities";
				IPHONEOS_DEPLOYMENT_TARGET = 14.0;
				LD_RUNPATH_SEARCH_PATHS = (
					"$(inherited)",
					"@executable_path/Frameworks",
				);
				MARKETING_VERSION = 1.0;
				OTHER_LDFLAGS = (
					"$(inherited)",
					"-ObjC",
					"-lc++",
				);
				OTHER_SWIFT_FLAGS = "$(inherited) -D EXPO_CONFIGURATION_RELEASE";
				PRODUCT_BUNDLE_IDENTIFIER = com.quantumchat.app;
				PRODUCT_NAME = quantum;
				PROVISIONING_PROFILE_SPECIFIER = "";
				SUPPORTED_PLATFORMS = "iphoneos iphonesimulator";
				SUPPORTS_MACCATALYST = NO;
				SUPPORTS_MAC_DESIGNED_FOR_IPHONE_IPAD = NO;
				SUPPORTS_XR_DESIGNED_FOR_IPHONE_IPAD = NO;
				SWIFT_OBJC_BRIDGING_HEADER = "quantum-Bridging-Header.h";
				SWIFT_VERSION = 5.0;
				TARGETED_DEVICE_FAMILY = 1;
				VERSIONING_SYSTEM = "apple-generic";
			};
			name = Release;
		};
		83CBBA201A601CBA00E9B192 /* Debug */ = {
			isa = XCBuildConfiguration;
			buildSettings = {
				ALWAYS_SEARCH_USER_PATHS = NO;
				CC = "";
				CLANG_ANALYZER_LOCALIZABILITY_NONLOCALIZED = YES;
				CLANG_CXX_LANGUAGE_STANDARD = "c++20";
				CLANG_CXX_LIBRARY = "libc++";
				CLANG_ENABLE_MODULES = YES;
				CLANG_ENABLE_OBJC_ARC = YES;
				CLANG_WARN_BLOCK_CAPTURE_AUTORELEASING = YES;
				CLANG_WARN_BOOL_CONVERSION = YES;
				CLANG_WARN_COMMA = YES;
				CLANG_WARN_CONSTANT_CONVERSION = YES;
				CLANG_WARN_DEPRECATED_OBJC_IMPLEMENTATIONS = YES;
				CLANG_WARN_DIRECT_OBJC_ISA_USAGE = YES_ERROR;
				CLANG_WARN_EMPTY_BODY = YES;
				CLANG_WARN_ENUM_CONVERSION = YES;
				CLANG_WARN_INFINITE_RECURSION = YES;
				CLANG_WARN_INT_CONVERSION = YES;
				CLANG_WARN_NON_LITERAL_NULL_CONVERSION = YES;
				CLANG_WARN_OBJC_IMPLICIT_RETAIN_SELF = YES;
				CLANG_WARN_OBJC_LITERAL_CONVERSION = YES;
				CLANG_WARN_OBJC_ROOT_CLASS = YES_ERROR;
				CLANG_WARN_QUOTED_INCLUDE_IN_FRAMEWORK_HEADER = YES;
				CLANG_WARN_RANGE_LOOP_ANALYSIS = YES;
				CLANG_WARN_STRICT_PROTOTYPES = YES;
				CLANG_WARN_SUSPICIOUS_MOVE = YES;
				CLANG_WARN_UNREACHABLE_CODE = YES;
				CLANG_WARN__DUPLICATE_METHOD_MATCH = YES;
				"CODE_SIGN_IDENTITY[sdk=iphoneos*]" = "iPhone Developer";
				COPY_PHASE_STRIP = NO;
				CXX = "";
				ENABLE_STRICT_OBJC_MSGSEND = YES;
				ENABLE_TESTABILITY = YES;
				"EXCLUDED_ARCHS[sdk=iphonesimulator*]" = i386;
				GCC_C_LANGUAGE_STANDARD = gnu99;
				GCC_DYNAMIC_NO_PIC = NO;
				GCC_NO_COMMON_BLOCKS = YES;
				GCC_OPTIMIZATION_LEVEL = 0;
				GCC_PREPROCESSOR_DEFINITIONS = (
					"DEBUG=1",
					"$(inherited)",
				);
				GCC_SYMBOLS_PRIVATE_EXTERN = NO;
				GCC_WARN_64_TO_32_BIT_CONVERSION = YES;
				GCC_WARN_ABOUT_RETURN_TYPE = YES_ERROR;
				GCC_WARN_UNDECLARED_SELECTOR = YES;
				GCC_WARN_UNINITIALIZED_AUTOS = YES_AGGRESSIVE;
				GCC_WARN_UNUSED_FUNCTION = YES;
				GCC_WARN_UNUSED_VARIABLE = YES;
				IPHONEOS_DEPLOYMENT_TARGET = 13.4;
				LD = "";
				LDPLUSPLUS = "";
				LD_RUNPATH_SEARCH_PATHS = (
					/usr/lib/swift,
					"$(inherited)",
				);
				LIBRARY_SEARCH_PATHS = (
					"\"$(SDKROOT)/usr/lib/swift\"",
					"\"$(TOOLCHAIN_DIR)/usr/lib/swift/$(PLATFORM_NAME)\"",
					"\"$(inherited)\"",
				);
				MTL_ENABLE_DEBUG_INFO = YES;
				ONLY_ACTIVE_ARCH = YES;
				OTHER_CFLAGS = "$(inherited)";
				OTHER_CPLUSPLUSFLAGS = (
					"$(OTHER_CFLAGS)",
					"-DFOLLY_NO_CONFIG",
					"-DFOLLY_MOBILE=1",
					"-DFOLLY_USE_LIBCPP=1",
					"-DFOLLY_CFG_NO_COROUTINES=1",
					"-DFOLLY_HAVE_CLOCK_GETTIME=1",
				);
				OTHER_LDFLAGS = "$(inherited)";
				REACT_NATIVE_PATH = "${PODS_ROOT}/../../node_modules/react-native";
				SDKROOT = iphoneos;
				SWIFT_ACTIVE_COMPILATION_CONDITIONS = "$(inherited) DEBUG";
				USE_HERMES = false;
			};
			name = Debug;
		};
		83CBBA211A601CBA00E9B192 /* Release */ = {
			isa = XCBuildConfiguration;
			buildSettings = {
				ALWAYS_SEARCH_USER_PATHS = NO;
				CC = "";
				CLANG_ANALYZER_LOCALIZABILITY_NONLOCALIZED = YES;
				CLANG_CXX_LANGUAGE_STANDARD = "c++20";
				CLANG_CXX_LIBRARY = "libc++";
				CLANG_ENABLE_MODULES = YES;
				CLANG_ENABLE_OBJC_ARC = YES;
				CLANG_WARN_BLOCK_CAPTURE_AUTORELEASING = YES;
				CLANG_WARN_BOOL_CONVERSION = YES;
				CLANG_WARN_COMMA = YES;
				CLANG_WARN_CONSTANT_CONVERSION = YES;
				CLANG_WARN_DEPRECATED_OBJC_IMPLEMENTATIONS = YES;
				CLANG_WARN_DIRECT_OBJC_ISA_USAGE = YES_ERROR;
				CLANG_WARN_EMPTY_BODY = YES;
				CLANG_WARN_ENUM_CONVERSION = YES;
				CLANG_WARN_INFINITE_RECURSION = YES;
				CLANG_WARN_INT_CONVERSION = YES;
				CLANG_WARN_NON_LITERAL_NULL_CONVERSION = YES;
				CLANG_WARN_OBJC_IMPLICIT_RETAIN_SELF = YES;
				CLANG_WARN_OBJC_LITERAL_CONVERSION = YES;
				CLANG_WARN_OBJC_ROOT_CLASS = YES_ERROR;
				CLANG_WARN_QUOTED_INCLUDE_IN_FRAMEWORK_HEADER = YES;
				CLANG_WARN_RANGE_LOOP_ANALYSIS = YES;
				CLANG_WARN_STRICT_PROTOTYPES = YES;
				CLANG_WARN_SUSPICIOUS_MOVE = YES;
				CLANG_WARN_UNREACHABLE_CODE = YES;
				CLANG_WARN__DUPLICATE_METHOD_MATCH = YES;
				"CODE_SIGN_IDENTITY[sdk=iphoneos*]" = "iPhone Developer";
				COPY_PHASE_STRIP = YES;
				CXX = "";
				ENABLE_NS_ASSERTIONS = NO;
				ENABLE_STRICT_OBJC_MSGSEND = YES;
				"EXCLUDED_ARCHS[sdk=iphonesimulator*]" = i386;
				GCC_C_LANGUAGE_STANDARD = gnu99;
				GCC_NO_COMMON_BLOCKS = YES;
				GCC_WARN_64_TO_32_BIT_CONVERSION = YES;
				GCC_WARN_ABOUT_RETURN_TYPE = YES_ERROR;
				GCC_WARN_UNDECLARED_SELECTOR = YES;
				GCC_WARN_UNINITIALIZED_AUTOS = YES_AGGRESSIVE;
				GCC_WARN_UNUSED_FUNCTION = YES;
				GCC_WARN_UNUSED_VARIABLE = YES;
				IPHONEOS_DEPLOYMENT_TARGET = 13.4;
				LD = "";
				LDPLUSPLUS = "";
				LD_RUNPATH_SEARCH_PATHS = (
					/usr/lib/swift,
					"$(inherited)",
				);
				LIBRARY_SEARCH_PATHS = (
					"\"$(SDKROOT)/usr/lib/swift\"",
					"\"$(TOOLCHAIN_DIR)/usr/lib/swift/$(PLATFORM_NAME)\"",
					"\"$(inherited)\"",
				);
				MTL_ENABLE_DEBUG_INFO = NO;
				OTHER_CFLAGS = "$(inherited)";
				OTHER_CPLUSPLUSFLAGS = (
					"$(OTHER_CFLAGS)",
					"-DFOLLY_NO_CONFIG",
					"-DFOLLY_MOBILE=1",
					"-DFOLLY_USE_LIBCPP=1",
					"-DFOLLY_CFG_NO_COROUTINES=1",
					"-DFOLLY_HAVE_CLOCK_GETTIME=1",
				);
				OTHER_LDFLAGS = "$(inherited)";
				REACT_NATIVE_PATH = "${PODS_ROOT}/../../node_modules/react-native";
				SDKROOT = iphoneos;
				USE_HERMES = false;
				VALIDATE_PRODUCT = YES;
			};
			name = Release;
		};
/* End XCBuildConfiguration section */

/* Begin XCConfigurationList section */
		00E357021AD99517003FC87E /* Build configuration list for PBXNativeTarget "quantumTests" */ = {
			isa = XCConfigurationList;
			buildConfigurations = (
				00E356F61AD99517003FC87E /* Debug */,
				00E356F71AD99517003FC87E /* Release */,
			);
			defaultConfigurationIsVisible = 0;
			defaultConfigurationName = Release;
		};
		13B07F931A680F5B00A75B9A /* Build configuration list for PBXNativeTarget "quantum" */ = {
			isa = XCConfigurationList;
			buildConfigurations = (
				13B07F941A680F5B00A75B9A /* Debug */,
				13B07F951A680F5B00A75B9A /* Release */,
			);
			defaultConfigurationIsVisible = 0;
			defaultConfigurationName = Release;
		};
		83CBB9FA1A601CBA00E9B192 /* Build configuration list for PBXProject "Quantum" */ = {
			isa = XCConfigurationList;
			buildConfigurations = (
				83CBBA201A601CBA00E9B192 /* Debug */,
				83CBBA211A601CBA00E9B192 /* Release */,
			);
			defaultConfigurationIsVisible = 0;
			defaultConfigurationName = Release;
		};
/* End XCConfigurationList section */

/* Begin XCRemoteSwiftPackageReference section */
		C2D3FA912C7F57C7003AEFA7 /* XCRemoteSwiftPackageReference "Swoir" */ = {
			isa = XCRemoteSwiftPackageReference;
			repositoryURL = "https://github.com/Swoir/Swoir";
			requirement = {
				kind = exactVersion;
				version = "0.32.0-1";
			};
		};
/* End XCRemoteSwiftPackageReference section */

/* Begin XCSwiftPackageProductDependency section */
		C22D46772C4ABF340020284A /* Swoir */ = {
			isa = XCSwiftPackageProductDependency;
			productName = Swoir;
		};
		C22D467A2C4AC2370020284A /* Swoir */ = {
			isa = XCSwiftPackageProductDependency;
			productName = Swoir;
		};
		C22D46832C4EC04A0020284A /* Swoir */ = {
			isa = XCSwiftPackageProductDependency;
			productName = Swoir;
		};
		C22D46882C4EED1B0020284A /* Swoir */ = {
			isa = XCSwiftPackageProductDependency;
			productName = Swoir;
		};
		C2336E5C2C4A9CB800731D87 /* Swoir */ = {
			isa = XCSwiftPackageProductDependency;
			productName = Swoir;
		};
		C273AF442B86523F00991B29 /* Swoir */ = {
			isa = XCSwiftPackageProductDependency;
			productName = Swoir;
		};
		C29729402C4A8A9700730A3D /* Swoir */ = {
			isa = XCSwiftPackageProductDependency;
			productName = Swoir;
		};
		C2D3FA922C7F57C7003AEFA7 /* Swoir */ = {
			isa = XCSwiftPackageProductDependency;
			package = C2D3FA912C7F57C7003AEFA7 /* XCRemoteSwiftPackageReference "Swoir" */;
			productName = Swoir;
		};
		C2E2EA3F2C35FA2A00078AAB /* Swoir */ = {
			isa = XCSwiftPackageProductDependency;
			productName = Swoir;
		};
		C2E2EA452C3C17AD00078AAB /* Swoir */ = {
			isa = XCSwiftPackageProductDependency;
			productName = Swoir;
		};
		C2E2EA4B2C3C34D400078AAB /* Swoir */ = {
			isa = XCSwiftPackageProductDependency;
			productName = Swoir;
		};
		C2E2EA512C3FAA5E00078AAB /* Swoir */ = {
			isa = XCSwiftPackageProductDependency;
			productName = Swoir;
		};
		C2E2EA6E2C46673800078AAB /* Swoir */ = {
			isa = XCSwiftPackageProductDependency;
			productName = Swoir;
		};
		C2E55DB12C49301500FADAF5 /* Swoir */ = {
			isa = XCSwiftPackageProductDependency;
			productName = Swoir;
		};
		C2E55DB42C49760100FADAF5 /* Swoir */ = {
			isa = XCSwiftPackageProductDependency;
			productName = Swoir;
		};
		C2E55DB72C49885200FADAF5 /* Swoir */ = {
			isa = XCSwiftPackageProductDependency;
			productName = Swoir;
		};
/* End XCSwiftPackageProductDependency section */
	};
	rootObject = 83CBB9F71A601CBA00E9B192 /* Project object */;
}
